# This file is automatically @generated by Cargo.
# It is not intended for manual editing.
version = 3

[[package]]
name = "cli"
version = "0.1.0"
dependencies = [
 "tic_tac_toe",
]

[[package]]
name = "mcts"
version = "0.1.0"
dependencies = [
 "tic_tac_toe",
]

[[package]]
name = "tic_tac_toe"
version = "0.1.0"
